
Microsoft Visual Studio Solution File, Format Version 12.00
# Visual Studio 14
VisualStudioVersion = 14.0.24720.0
MinimumVisualStudioVersion = 10.0.40219.1
Project("{FAE04EC0-301F-11D3-BF4B-00C04F79EFBC}") = "MoviesBot", "MoviesBot\MoviesBot.csproj", "{9307009D-E2FF-4CE3-8CFA-2AE6801FE7C0}"
EndProject
Project("{FAE04EC0-301F-11D3-BF4B-00C04F79EFBC}") = "MoviesBot.Data", "MoviesBot.Data\MoviesBot.Data.csproj", "{B8AF72C5-AEBF-418F-B152-6D4C1EABD7E3}"
EndProject
Global
	GlobalSection(SolutionConfigurationPlatforms) = preSolution
		Debug|Any CPU = Debug|Any CPU
		Release|Any CPU = Release|Any CPU
	EndGlobalSection
	GlobalSection(ProjectConfigurationPlatforms) = postSolution
		{9307009D-E2FF-4CE3-8CFA-2AE6801FE7C0}.Debug|Any CPU.ActiveCfg = Debug|Any CPU
		{9307009D-E2FF-4CE3-8CFA-2AE6801FE7C0}.Debug|Any CPU.Build.0 = Debug|Any CPU
		{9307009D-E2FF-4CE3-8CFA-2AE6801FE7C0}.Release|Any CPU.ActiveCfg = Release|Any CPU
		{9307009D-E2FF-4CE3-8CFA-2AE6801FE7C0}.Release|Any CPU.Build.0 = Release|Any CPU
		{B8AF72C5-AEBF-418F-B152-6D4C1EABD7E3}.Debug|Any CPU.ActiveCfg = Debug|Any CPU
		{B8AF72C5-AEBF-418F-B152-6D4C1EABD7E3}.Debug|Any CPU.Build.0 = Debug|Any CPU
		{B8AF72C5-AEBF-418F-B152-6D4C1EABD7E3}.Release|Any CPU.ActiveCfg = Release|Any CPU
		{B8AF72C5-AEBF-418F-B152-6D4C1EABD7E3}.Release|Any CPU.Build.0 = Release|Any CPU
	EndGlobalSection
	GlobalSection(SolutionProperties) = preSolution
		HideSolutionNode = FALSE
	EndGlobalSection
EndGlobal
